// !$*UTF8*$!
{
	archiveVersion = 1;
	classes = {
	};
	objectVersion = 56;
	objects = {

/* Begin PBXBuildFile section */
		FCA4F5C52C004251006653F0 /* RecordApp.swift in Sources */ = {isa = PBXBuildFile; fileRef = FCA4F5C42C004251006653F0 /* RecordApp.swift */; };
		FCA4F5C72C004251006653F0 /* ContentView.swift in Sources */ = {isa = PBXBuildFile; fileRef = FCA4F5C62C004251006653F0 /* ContentView.swift */; };
		FCA4F5C92C004251006653F0 /* Item.swift in Sources */ = {isa = PBXBuildFile; fileRef = FCA4F5C82C004251006653F0 /* Item.swift */; };
		FCA4F5CB2C004252006653F0 /* Assets.xcassets in Resources */ = {isa = PBXBuildFile; fileRef = FCA4F5CA2C004252006653F0 /* Assets.xcassets */; };
		FCA4F5CE2C004252006653F0 /* Preview Assets.xcassets in Resources */ = {isa = PBXBuildFile; fileRef = FCA4F5CD2C004252006653F0 /* Preview Assets.xcassets */; };
		FCA4F5D82C004253006653F0 /* RecordTests.swift in Sources */ = {isa = PBXBuildFile; fileRef = FCA4F5D72C004253006653F0 /* RecordTests.swift */; };
		FCA4F5E22C004253006653F0 /* RecordUITests.swift in Sources */ = {isa = PBXBuildFile; fileRef = FCA4F5E12C004253006653F0 /* RecordUITests.swift */; };
		FCA4F5E42C004253006653F0 /* RecordUITestsLaunchTests.swift in Sources */ = {isa = PBXBuildFile; fileRef = FCA4F5E32C004253006653F0 /* RecordUITestsLaunchTests.swift */; };
/* End PBXBuildFile section */

/* Begin PBXContainerItemProxy section */
		FCA4F5D42C004253006653F0 /* PBXContainerItemProxy */ = {
			isa = PBXContainerItemProxy;
			containerPortal = FCA4F5B92C004251006653F0 /* Project object */;
			proxyType = 1;
			remoteGlobalIDString = FCA4F5C02C004251006653F0;
			remoteInfo = Record;
		};
		FCA4F5DE2C004253006653F0 /* PBXContainerItemProxy */ = {
			isa = PBXContainerItemProxy;
			containerPortal = FCA4F5B92C004251006653F0 /* Project object */;
			proxyType = 1;
			remoteGlobalIDString = FCA4F5C02C004251006653F0;
			remoteInfo = Record;
		};
/* End PBXContainerItemProxy section */

/* Begin PBXFileReference section */
		FCA4F5C12C004251006653F0 /* Record.app */ = {isa = PBXFileReference; explicitFileType = wrapper.application; includeInIndex = 0; path = Record.app; sourceTree = BUILT_PRODUCTS_DIR; };
		FCA4F5C42C004251006653F0 /* RecordApp.swift */ = {isa = PBXFileReference; lastKnownFileType = sourcecode.swift; path = RecordApp.swift; sourceTree = "<group>"; };
		FCA4F5C62C004251006653F0 /* ContentView.swift */ = {isa = PBXFileReference; lastKnownFileType = sourcecode.swift; path = ContentView.swift; sourceTree = "<group>"; };
		FCA4F5C82C004251006653F0 /* Item.swift */ = {isa = PBXFileReference; lastKnownFileType = sourcecode.swift; path = Item.swift; sourceTree = "<group>"; };
		FCA4F5CA2C004252006653F0 /* Assets.xcassets */ = {isa = PBXFileReference; lastKnownFileType = folder.assetcatalog; path = Assets.xcassets; sourceTree = "<group>"; };
		FCA4F5CD2C004252006653F0 /* Preview Assets.xcassets */ = {isa = PBXFileReference; lastKnownFileType = folder.assetcatalog; path = "Preview Assets.xcassets"; sourceTree = "<group>"; };
		FCA4F5D32C004253006653F0 /* RecordTests.xctest */ = {isa = PBXFileReference; explicitFileType = wrapper.cfbundle; includeInIndex = 0; path = RecordTests.xctest; sourceTree = BUILT_PRODUCTS_DIR; };
		FCA4F5D72C004253006653F0 /* RecordTests.swift */ = {isa = PBXFileReference; lastKnownFileType = sourcecode.swift; path = RecordTests.swift; sourceTree = "<group>"; };
		FCA4F5DD2C004253006653F0 /* RecordUITests.xctest */ = {isa = PBXFileReference; explicitFileType = wrapper.cfbundle; includeInIndex = 0; path = RecordUITests.xctest; sourceTree = BUILT_PRODUCTS_DIR; };
		FCA4F5E12C004253006653F0 /* RecordUITests.swift */ = {isa = PBXFileReference; lastKnownFileType = sourcecode.swift; path = RecordUITests.swift; sourceTree = "<group>"; };
		FCA4F5E32C004253006653F0 /* RecordUITestsLaunchTests.swift */ = {isa = PBXFileReference; lastKnownFileType = sourcecode.swift; path = RecordUITestsLaunchTests.swift; sourceTree = "<group>"; };
/* End PBXFileReference section */

/* Begin PBXFrameworksBuildPhase section */
		FCA4F5BE2C004251006653F0 /* Frameworks */ = {
			isa = PBXFrameworksBuildPhase;
			buildActionMask = 2147483647;
			files = (
			);
			runOnlyForDeploymentPostprocessing = 0;
		};
		FCA4F5D02C004253006653F0 /* Frameworks */ = {
			isa = PBXFrameworksBuildPhase;
			buildActionMask = 2147483647;
			files = (
			);
			runOnlyForDeploymentPostprocessing = 0;
		};
		FCA4F5DA2C004253006653F0 /* Frameworks */ = {
			isa = PBXFrameworksBuildPhase;
			buildActionMask = 2147483647;
			files = (
			);
			runOnlyForDeploymentPostprocessing = 0;
		};
/* End PBXFrameworksBuildPhase section */

/* Begin PBXGroup section */
		FCA4F5B82C004251006653F0 = {
			isa = PBXGroup;
			children = (
				FCA4F5C32C004251006653F0 /* Record */,
				FCA4F5D62C004253006653F0 /* RecordTests */,
				FCA4F5E02C004253006653F0 /* RecordUITests */,
				FCA4F5C22C004251006653F0 /* Products */,
			);
			sourceTree = "<group>";
		};
		FCA4F5C22C004251006653F0 /* Products */ = {
			isa = PBXGroup;
			children = (
				FCA4F5C12C004251006653F0 /* Record.app */,
				FCA4F5D32C004253006653F0 /* RecordTests.xctest */,
				FCA4F5DD2C004253006653F0 /* RecordUITests.xctest */,
			);
			name = Products;
			sourceTree = "<group>";
		};
		FCA4F5C32C004251006653F0 /* Record */ = {
			isa = PBXGroup;
			children = (
				FCA4F5C42C004251006653F0 /* RecordApp.swift */,
				FCA4F5C62C004251006653F0 /* ContentView.swift */,
				FCA4F5C82C004251006653F0 /* Item.swift */,
				FCA4F5CA2C004252006653F0 /* Assets.xcassets */,
				FCA4F5CC2C004252006653F0 /* Preview Content */,
			);
			path = Record;
			sourceTree = "<group>";
		};
		FCA4F5CC2C004252006653F0 /* Preview Content */ = {
			isa = PBXGroup;
			children = (
				FCA4F5CD2C004252006653F0 /* Preview Assets.xcassets */,
			);
			path = "Preview Content";
			sourceTree = "<group>";
		};
		FCA4F5D62C004253006653F0 /* RecordTests */ = {
			isa = PBXGroup;
			children = (
				FCA4F5D72C004253006653F0 /* RecordTests.swift */,
			);
			path = RecordTests;
			sourceTree = "<group>";
		};
		FCA4F5E02C004253006653F0 /* RecordUITests */ = {
			isa = PBXGroup;
			children = (
				FCA4F5E12C004253006653F0 /* RecordUITests.swift */,
				FCA4F5E32C004253006653F0 /* RecordUITestsLaunchTests.swift */,
			);
			path = RecordUITests;
			sourceTree = "<group>";
		};
/* End PBXGroup section */

/* Begin PBXNativeTarget section */
		FCA4F5C02C004251006653F0 /* Record */ = {
			isa = PBXNativeTarget;
			buildConfigurationList = FCA4F5E72C004253006653F0 /* Build configuration list for PBXNativeTarget "Record" */;
			buildPhases = (
				FCA4F5BD2C004251006653F0 /* Sources */,
				FCA4F5BE2C004251006653F0 /* Frameworks */,
				FCA4F5BF2C004251006653F0 /* Resources */,
			);
			buildRules = (
			);
			dependencies = (
			);
			name = Record;
			productName = Record;
			productReference = FCA4F5C12C004251006653F0 /* Record.app */;
			productType = "com.apple.product-type.application";
		};
		FCA4F5D22C004253006653F0 /* RecordTests */ = {
			isa = PBXNativeTarget;
			buildConfigurationList = FCA4F5EA2C004253006653F0 /* Build configuration list for PBXNativeTarget "RecordTests" */;
			buildPhases = (
				FCA4F5CF2C004253006653F0 /* Sources */,
				FCA4F5D02C004253006653F0 /* Frameworks */,
				FCA4F5D12C004253006653F0 /* Resources */,
			);
			buildRules = (
			);
			dependencies = (
				FCA4F5D52C004253006653F0 /* PBXTargetDependency */,
			);
			name = RecordTests;
			productName = RecordTests;
			productReference = FCA4F5D32C004253006653F0 /* RecordTests.xctest */;
			productType = "com.apple.product-type.bundle.unit-test";
		};
		FCA4F5DC2C004253006653F0 /* RecordUITests */ = {
			isa = PBXNativeTarget;
			buildConfigurationList = FCA4F5ED2C004253006653F0 /* Build configuration list for PBXNativeTarget "RecordUITests" */;
			buildPhases = (
				FCA4F5D92C004253006653F0 /* Sources */,
				FCA4F5DA2C004253006653F0 /* Frameworks */,
				FCA4F5DB2C004253006653F0 /* Resources */,
			);
			buildRules = (
			);
			dependencies = (
				FCA4F5DF2C004253006653F0 /* PBXTargetDependency */,
			);
			name = RecordUITests;
			productName = RecordUITests;
			productReference = FCA4F5DD2C004253006653F0 /* RecordUITests.xctest */;
			productType = "com.apple.product-type.bundle.ui-testing";
		};
/* End PBXNativeTarget section */

/* Begin PBXProject section */
		FCA4F5B92C004251006653F0 /* Project object */ = {
			isa = PBXProject;
			attributes = {
				BuildIndependentTargetsInParallel = 1;
				LastSwiftUpdateCheck = 1530;
				LastUpgradeCheck = 1530;
				TargetAttributes = {
					FCA4F5C02C004251006653F0 = {
						CreatedOnToolsVersion = 15.3;
					};
					FCA4F5D22C004253006653F0 = {
						CreatedOnToolsVersion = 15.3;
						TestTargetID = FCA4F5C02C004251006653F0;
					};
					FCA4F5DC2C004253006653F0 = {
						CreatedOnToolsVersion = 15.3;
						TestTargetID = FCA4F5C02C004251006653F0;
					};
				};
			};
			buildConfigurationList = FCA4F5BC2C004251006653F0 /* Build configuration list for PBXProject "Record" */;
			compatibilityVersion = "Xcode 14.0";
			developmentRegion = en;
			hasScannedForEncodings = 0;
			knownRegions = (
				en,
				Base,
			);
			mainGroup = FCA4F5B82C004251006653F0;
			productRefGroup = FCA4F5C22C004251006653F0 /* Products */;
			projectDirPath = "";
			projectRoot = "";
			targets = (
				FCA4F5C02C004251006653F0 /* Record */,
				FCA4F5D22C004253006653F0 /* RecordTests */,
				FCA4F5DC2C004253006653F0 /* RecordUITests */,
			);
		};
/* End PBXProject section */

/* Begin PBXResourcesBuildPhase section */
		FCA4F5BF2C004251006653F0 /* Resources */ = {
			isa = PBXResourcesBuildPhase;
			buildActionMask = 2147483647;
			files = (
				FCA4F5CE2C004252006653F0 /* Preview Assets.xcassets in Resources */,
				FCA4F5CB2C004252006653F0 /* Assets.xcassets in Resources */,
			);
			runOnlyForDeploymentPostprocessing = 0;
		};
		FCA4F5D12C004253006653F0 /* Resources */ = {
			isa = PBXResourcesBuildPhase;
			buildActionMask = 2147483647;
			files = (
			);
			runOnlyForDeploymentPostprocessing = 0;
		};
		FCA4F5DB2C004253006653F0 /* Resources */ = {
			isa = PBXResourcesBuildPhase;
			buildActionMask = 2147483647;
			files = (
			);
			runOnlyForDeploymentPostprocessing = 0;
		};
/* End PBXResourcesBuildPhase section */

/* Begin PBXSourcesBuildPhase section */
		FCA4F5BD2C004251006653F0 /* Sources */ = {
			isa = PBXSourcesBuildPhase;
			buildActionMask = 2147483647;
			files = (
				FCA4F5C72C004251006653F0 /* ContentView.swift in Sources */,
				FCA4F5C92C004251006653F0 /* Item.swift in Sources */,
				FCA4F5C52C004251006653F0 /* RecordApp.swift in Sources */,
			);
			runOnlyForDeploymentPostprocessing = 0;
		};
		FCA4F5CF2C004253006653F0 /* Sources */ = {
			isa = PBXSourcesBuildPhase;
			buildActionMask = 2147483647;
			files = (
				FCA4F5D82C004253006653F0 /* RecordTests.swift in Sources */,
			);
			runOnlyForDeploymentPostprocessing = 0;
		};
		FCA4F5D92C004253006653F0 /* Sources */ = {
			isa = PBXSourcesBuildPhase;
			buildActionMask = 2147483647;
			files = (
				FCA4F5E22C004253006653F0 /* RecordUITests.swift in Sources */,
				FCA4F5E42C004253006653F0 /* RecordUITestsLaunchTests.swift in Sources */,
			);
			runOnlyForDeploymentPostprocessing = 0;
		};
/* End PBXSourcesBuildPhase section */

/* Begin PBXTargetDependency section */
		FCA4F5D52C004253006653F0 /* PBXTargetDependency */ = {
			isa = PBXTargetDependency;
			target = FCA4F5C02C004251006653F0 /* Record */;
			targetProxy = FCA4F5D42C004253006653F0 /* PBXContainerItemProxy */;
		};
		FCA4F5DF2C004253006653F0 /* PBXTargetDependency */ = {
			isa = PBXTargetDependency;
			target = FCA4F5C02C004251006653F0 /* Record */;
			targetProxy = FCA4F5DE2C004253006653F0 /* PBXContainerItemProxy */;
		};
/* End PBXTargetDependency section */

/* Begin XCBuildConfiguration section */
		FCA4F5E52C004253006653F0 /* Debug */ = {
			isa = XCBuildConfiguration;
			buildSettings = {
				ALWAYS_SEARCH_USER_PATHS = NO;
				ASSETCATALOG_COMPILER_GENERATE_SWIFT_ASSET_SYMBOL_EXTENSIONS = YES;
				CLANG_ANALYZER_NONNULL = YES;
				CLANG_ANALYZER_NUMBER_OBJECT_CONVERSION = YES_AGGRESSIVE;
				CLANG_CXX_LANGUAGE_STANDARD = "gnu++20";
				CLANG_ENABLE_MODULES = YES;
				CLANG_ENABLE_OBJC_ARC = YES;
				CLANG_ENABLE_OBJC_WEAK = YES;
				CLANG_WARN_BLOCK_CAPTURE_AUTORELEASING = YES;
				CLANG_WARN_BOOL_CONVERSION = YES;
				CLANG_WARN_COMMA = YES;
				CLANG_WARN_CONSTANT_CONVERSION = YES;
				CLANG_WARN_DEPRECATED_OBJC_IMPLEMENTATIONS = YES;
				CLANG_WARN_DIRECT_OBJC_ISA_USAGE = YES_ERROR;
				CLANG_WARN_DOCUMENTATION_COMMENTS = YES;
				CLANG_WARN_EMPTY_BODY = YES;
				CLANG_WARN_ENUM_CONVERSION = YES;
				CLANG_WARN_INFINITE_RECURSION = YES;
				CLANG_WARN_INT_CONVERSION = YES;
				CLANG_WARN_NON_LITERAL_NULL_CONVERSION = YES;
				CLANG_WARN_OBJC_IMPLICIT_RETAIN_SELF = YES;
				CLANG_WARN_OBJC_LITERAL_CONVERSION = YES;
				CLANG_WARN_OBJC_ROOT_CLASS = YES_ERROR;
				CLANG_WARN_QUOTED_INCLUDE_IN_FRAMEWORK_HEADER = YES;
				CLANG_WARN_RANGE_LOOP_ANALYSIS = YES;
				CLANG_WARN_STRICT_PROTOTYPES = YES;
				CLANG_WARN_SUSPICIOUS_MOVE = YES;
				CLANG_WARN_UNGUARDED_AVAILABILITY = YES_AGGRESSIVE;
				CLANG_WARN_UNREACHABLE_CODE = YES;
				CLANG_WARN__DUPLICATE_METHOD_MATCH = YES;
				COPY_PHASE_STRIP = NO;
				DEBUG_INFORMATION_FORMAT = dwarf;
				ENABLE_STRICT_OBJC_MSGSEND = YES;
				ENABLE_TESTABILITY = YES;
				ENABLE_USER_SCRIPT_SANDBOXING = YES;
				GCC_C_LANGUAGE_STANDARD = gnu17;
				GCC_DYNAMIC_NO_PIC = NO;
				GCC_NO_COMMON_BLOCKS = YES;
				GCC_OPTIMIZATION_LEVEL = 0;
				GCC_PREPROCESSOR_DEFINITIONS = (
					"DEBUG=1",
					"$(inherited)",
				);
				GCC_WARN_64_TO_32_BIT_CONVERSION = YES;
				GCC_WARN_ABOUT_RETURN_TYPE = YES_ERROR;
				GCC_WARN_UNDECLARED_SELECTOR = YES;
				GCC_WARN_UNINITIALIZED_AUTOS = YES_AGGRESSIVE;
				GCC_WARN_UNUSED_FUNCTION = YES;
				GCC_WARN_UNUSED_VARIABLE = YES;
				IPHONEOS_DEPLOYMENT_TARGET = 17.4;
				LOCALIZATION_PREFERS_STRING_CATALOGS = YES;
				MTL_ENABLE_DEBUG_INFO = INCLUDE_SOURCE;
				MTL_FAST_MATH = YES;
				ONLY_ACTIVE_ARCH = YES;
				SDKROOT = iphoneos;
				SWIFT_ACTIVE_COMPILATION_CONDITIONS = "DEBUG $(inherited)";
				SWIFT_OPTIMIZATION_LEVEL = "-Onone";
			};
			name = Debug;
		};
		FCA4F5E62C004253006653F0 /* Release */ = {
			isa = XCBuildConfiguration;
			buildSettings = {
				ALWAYS_SEARCH_USER_PATHS = NO;
				ASSETCATALOG_COMPILER_GENERATE_SWIFT_ASSET_SYMBOL_EXTENSIONS = YES;
				CLANG_ANALYZER_NONNULL = YES;
				CLANG_ANALYZER_NUMBER_OBJECT_CONVERSION = YES_AGGRESSIVE;
				CLANG_CXX_LANGUAGE_STANDARD = "gnu++20";
				CLANG_ENABLE_MODULES = YES;
				CLANG_ENABLE_OBJC_ARC = YES;
				CLANG_ENABLE_OBJC_WEAK = YES;
				CLANG_WARN_BLOCK_CAPTURE_AUTORELEASING = YES;
				CLANG_WARN_BOOL_CONVERSION = YES;
				CLANG_WARN_COMMA = YES;
				CLANG_WARN_CONSTANT_CONVERSION = YES;
				CLANG_WARN_DEPRECATED_OBJC_IMPLEMENTATIONS = YES;
				CLANG_WARN_DIRECT_OBJC_ISA_USAGE = YES_ERROR;
				CLANG_WARN_DOCUMENTATION_COMMENTS = YES;
				CLANG_WARN_EMPTY_BODY = YES;
				CLANG_WARN_ENUM_CONVERSION = YES;
				CLANG_WARN_INFINITE_RECURSION = YES;
				CLANG_WARN_INT_CONVERSION = YES;
				CLANG_WARN_NON_LITERAL_NULL_CONVERSION = YES;
				CLANG_WARN_OBJC_IMPLICIT_RETAIN_SELF = YES;
				CLANG_WARN_OBJC_LITERAL_CONVERSION = YES;
				CLANG_WARN_OBJC_ROOT_CLASS = YES_ERROR;
				CLANG_WARN_QUOTED_INCLUDE_IN_FRAMEWORK_HEADER = YES;
				CLANG_WARN_RANGE_LOOP_ANALYSIS = YES;
				CLANG_WARN_STRICT_PROTOTYPES = YES;
				CLANG_WARN_SUSPICIOUS_MOVE = YES;
				CLANG_WARN_UNGUARDED_AVAILABILITY = YES_AGGRESSIVE;
				CLANG_WARN_UNREACHABLE_CODE = YES;
				CLANG_WARN__DUPLICATE_METHOD_MATCH = YES;
				COPY_PHASE_STRIP = NO;
				DEBUG_INFORMATION_FORMAT = "dwarf-with-dsym";
				ENABLE_NS_ASSERTIONS = NO;
				ENABLE_STRICT_OBJC_MSGSEND = YES;
				ENABLE_USER_SCRIPT_SANDBOXING = YES;
				GCC_C_LANGUAGE_STANDARD = gnu17;
				GCC_NO_COMMON_BLOCKS = YES;
				GCC_WARN_64_TO_32_BIT_CONVERSION = YES;
				GCC_WARN_ABOUT_RETURN_TYPE = YES_ERROR;
				GCC_WARN_UNDECLARED_SELECTOR = YES;
				GCC_WARN_UNINITIALIZED_AUTOS = YES_AGGRESSIVE;
				GCC_WARN_UNUSED_FUNCTION = YES;
				GCC_WARN_UNUSED_VARIABLE = YES;
				IPHONEOS_DEPLOYMENT_TARGET = 17.4;
				LOCALIZATION_PREFERS_STRING_CATALOGS = YES;
				MTL_ENABLE_DEBUG_INFO = NO;
				MTL_FAST_MATH = YES;
				SDKROOT = iphoneos;
				SWIFT_COMPILATION_MODE = wholemodule;
				VALIDATE_PRODUCT = YES;
			};
			name = Release;
		};
		FCA4F5E82C004253006653F0 /* Debug */ = {
			isa = XCBuildConfiguration;
			buildSettings = {
				ASSETCATALOG_COMPILER_APPICON_NAME = AppIcon;
				ASSETCATALOG_COMPILER_GLOBAL_ACCENT_COLOR_NAME = AccentColor;
				CODE_SIGN_STYLE = Automatic;
				CURRENT_PROJECT_VERSION = 1;
				DEVELOPMENT_ASSET_PATHS = "\"Record/Preview Content\"";
				DEVELOPMENT_TEAM = Z4UT3459C3;
				ENABLE_PREVIEWS = YES;
				GENERATE_INFOPLIST_FILE = YES;
				INFOPLIST_KEY_UIApplicationSceneManifest_Generation = YES;
				INFOPLIST_KEY_UIApplicationSupportsIndirectInputEvents = YES;
				INFOPLIST_KEY_UILaunchScreen_Generation = YES;
				INFOPLIST_KEY_UISupportedInterfaceOrientations_iPad = "UIInterfaceOrientationPortrait UIInterfaceOrientationPortraitUpsideDown UIInterfaceOrientationLandscapeLeft UIInterfaceOrientationLandscapeRight";
				INFOPLIST_KEY_UISupportedInterfaceOrientations_iPhone = "UIInterfaceOrientationPortrait UIInterfaceOrientationLandscapeLeft UIInterfaceOrientationLandscapeRight";
				LD_RUNPATH_SEARCH_PATHS = (
					"$(inherited)",
					"@executable_path/Frameworks",
				);
				MARKETING_VERSION = 1.0;
				PRODUCT_BUNDLE_IDENTIFIER = Intereal.Record;
				PRODUCT_NAME = "$(TARGET_NAME)";
				SWIFT_EMIT_LOC_STRINGS = YES;
				SWIFT_VERSION = 5.0;
				TARGETED_DEVICE_FAMILY = "1,2";
			};
			name = Debug;
		};
		FCA4F5E92C004253006653F0 /* Release */ = {
			isa = XCBuildConfiguration;
			buildSettings = {
				ASSETCATALOG_COMPILER_APPICON_NAME = AppIcon;
				ASSETCATALOG_COMPILER_GLOBAL_ACCENT_COLOR_NAME = AccentColor;
				CODE_SIGN_STYLE = Automatic;
				CURRENT_PROJECT_VERSION = 1;
				DEVELOPMENT_ASSET_PATHS = "\"Record/Preview Content\"";
				DEVELOPMENT_TEAM = Z4UT3459C3;
				ENABLE_PREVIEWS = YES;
				GENERATE_INFOPLIST_FILE = YES;
				INFOPLIST_KEY_UIApplicationSceneManifest_Generation = YES;
				INFOPLIST_KEY_UIApplicationSupportsIndirectInputEvents = YES;
				INFOPLIST_KEY_UILaunchScreen_Generation = YES;
				INFOPLIST_KEY_UISupportedInterfaceOrientations_iPad = "UIInterfaceOrientationPortrait UIInterfaceOrientationPortraitUpsideDown UIInterfaceOrientationLandscapeLeft UIInterfaceOrientationLandscapeRight";
				INFOPLIST_KEY_UISupportedInterfaceOrientations_iPhone = "UIInterfaceOrientationPortrait UIInterfaceOrientationLandscapeLeft UIInterfaceOrientationLandscapeRight";
				LD_RUNPATH_SEARCH_PATHS = (
					"$(inherited)",
					"@executable_path/Frameworks",
				);
				MARKETING_VERSION = 1.0;
				PRODUCT_BUNDLE_IDENTIFIER = Intereal.Record;
				PRODUCT_NAME = "$(TARGET_NAME)";
				SWIFT_EMIT_LOC_STRINGS = YES;
				SWIFT_VERSION = 5.0;
				TARGETED_DEVICE_FAMILY = "1,2";
			};
			name = Release;
		};
		FCA4F5EB2C004253006653F0 /* Debug */ = {
			isa = XCBuildConfiguration;
			buildSettings = {
				ALWAYS_EMBED_SWIFT_STANDARD_LIBRARIES = YES;
				BUNDLE_LOADER = "$(TEST_HOST)";
				CODE_SIGN_STYLE = Automatic;
				CURRENT_PROJECT_VERSION = 1;
				DEVELOPMENT_TEAM = Z4UT3459C3;
				GENERATE_INFOPLIST_FILE = YES;
				IPHONEOS_DEPLOYMENT_TARGET = 17.4;
				MARKETING_VERSION = 1.0;
				PRODUCT_BUNDLE_IDENTIFIER = Intereal.RecordTests;
				PRODUCT_NAME = "$(TARGET_NAME)";
				SWIFT_EMIT_LOC_STRINGS = NO;
				SWIFT_VERSION = 5.0;
				TARGETED_DEVICE_FAMILY = "1,2";
				TEST_HOST = "$(BUILT_PRODUCTS_DIR)/Record.app/$(BUNDLE_EXECUTABLE_FOLDER_PATH)/Record";
			};
			name = Debug;
		};
		FCA4F5EC2C004253006653F0 /* Release */ = {
			isa = XCBuildConfiguration;
			buildSettings = {
				ALWAYS_EMBED_SWIFT_STANDARD_LIBRARIES = YES;
				BUNDLE_LOADER = "$(TEST_HOST)";
				CODE_SIGN_STYLE = Automatic;
				CURRENT_PROJECT_VERSION = 1;
				DEVELOPMENT_TEAM = Z4UT3459C3;
				GENERATE_INFOPLIST_FILE = YES;
				IPHONEOS_DEPLOYMENT_TARGET = 17.4;
				MARKETING_VERSION = 1.0;
				PRODUCT_BUNDLE_IDENTIFIER = Intereal.RecordTests;
				PRODUCT_NAME = "$(TARGET_NAME)";
				SWIFT_EMIT_LOC_STRINGS = NO;
				SWIFT_VERSION = 5.0;
				TARGETED_DEVICE_FAMILY = "1,2";
				TEST_HOST = "$(BUILT_PRODUCTS_DIR)/Record.app/$(BUNDLE_EXECUTABLE_FOLDER_PATH)/Record";
			};
			name = Release;
		};
		FCA4F5EE2C004253006653F0 /* Debug */ = {
			isa = XCBuildConfiguration;
			buildSettings = {
				ALWAYS_EMBED_SWIFT_STANDARD_LIBRARIES = YES;
				CODE_SIGN_STYLE = Automatic;
				CURRENT_PROJECT_VERSION = 1;
				DEVELOPMENT_TEAM = Z4UT3459C3;
				GENERATE_INFOPLIST_FILE = YES;
				MARKETING_VERSION = 1.0;
				PRODUCT_BUNDLE_IDENTIFIER = Intereal.RecordUITests;
				PRODUCT_NAME = "$(TARGET_NAME)";
				SWIFT_EMIT_LOC_STRINGS = NO;
				SWIFT_VERSION = 5.0;
				TARGETED_DEVICE_FAMILY = "1,2";
				TEST_TARGET_NAME = Record;
			};
			name = Debug;
		};
		FCA4F5EF2C004253006653F0 /* Release */ = {
			isa = XCBuildConfiguration;
			buildSettings = {
				ALWAYS_EMBED_SWIFT_STANDARD_LIBRARIES = YES;
				CODE_SIGN_STYLE = Automatic;
				CURRENT_PROJECT_VERSION = 1;
				DEVELOPMENT_TEAM = Z4UT3459C3;
				GENERATE_INFOPLIST_FILE = YES;
				MARKETING_VERSION = 1.0;
				PRODUCT_BUNDLE_IDENTIFIER = Intereal.RecordUITests;
				PRODUCT_NAME = "$(TARGET_NAME)";
				SWIFT_EMIT_LOC_STRINGS = NO;
				SWIFT_VERSION = 5.0;
				TARGETED_DEVICE_FAMILY = "1,2";
				TEST_TARGET_NAME = Record;
			};
			name = Release;
		};
/* End XCBuildConfiguration section */

/* Begin XCConfigurationList section */
		FCA4F5BC2C004251006653F0 /* Build configuration list for PBXProject "Record" */ = {
			isa = XCConfigurationList;
			buildConfigurations = (
				FCA4F5E52C004253006653F0 /* Debug */,
				FCA4F5E62C004253006653F0 /* Release */,
			);
			defaultConfigurationIsVisible = 0;
			defaultConfigurationName = Release;
		};
		FCA4F5E72C004253006653F0 /* Build configuration list for PBXNativeTarget "Record" */ = {
			isa = XCConfigurationList;
			buildConfigurations = (
				FCA4F5E82C004253006653F0 /* Debug */,
				FCA4F5E92C004253006653F0 /* Release */,
			);
			defaultConfigurationIsVisible = 0;
			defaultConfigurationName = Release;
		};
		FCA4F5EA2C004253006653F0 /* Build configuration list for PBXNativeTarget "RecordTests" */ = {
			isa = XCConfigurationList;
			buildConfigurations = (
				FCA4F5EB2C004253006653F0 /* Debug */,
				FCA4F5EC2C004253006653F0 /* Release */,
			);
			defaultConfigurationIsVisible = 0;
			defaultConfigurationName = Release;
		};
		FCA4F5ED2C004253006653F0 /* Build configuration list for PBXNativeTarget "RecordUITests" */ = {
			isa = XCConfigurationList;
			buildConfigurations = (
				FCA4F5EE2C004253006653F0 /* Debug */,
				FCA4F5EF2C004253006653F0 /* Release */,
			);
			defaultConfigurationIsVisible = 0;
			defaultConfigurationName = Release;
		};
/* End XCConfigurationList section */
	};
	rootObject = FCA4F5B92C004251006653F0 /* Project object */;
}
